// !$*UTF8*$!
{
	archiveVersion = 1;
	classes = {
	};
	objectVersion = 46;
	objects = {

/* Begin PBXBuildFile section */
		2E0C4E831DC1F98200520E93 /* AppDelegate.swift in Sources */ = {isa = PBXBuildFile; fileRef = 2E0C4E821DC1F98200520E93 /* AppDelegate.swift */; };
		2E0C4E851DC1F98200520E93 /* ViewController.swift in Sources */ = {isa = PBXBuildFile; fileRef = 2E0C4E841DC1F98200520E93 /* ViewController.swift */; };
		2E0C4E881DC1F98200520E93 /* Main.storyboard in Resources */ = {isa = PBXBuildFile; fileRef = 2E0C4E861DC1F98200520E93 /* Main.storyboard */; };
		2E0C4E8A1DC1F98200520E93 /* Assets.xcassets in Resources */ = {isa = PBXBuildFile; fileRef = 2E0C4E891DC1F98200520E93 /* Assets.xcassets */; };
		2E0C4E8D1DC1F98200520E93 /* LaunchScreen.storyboard in Resources */ = {isa = PBXBuildFile; fileRef = 2E0C4E8B1DC1F98200520E93 /* LaunchScreen.storyboard */; };
/* End PBXBuildFile section */

/* Begin PBXFileReference section */
		2E0C4E7F1DC1F98200520E93 /* iOSConcurrencyDemo.app */ = {isa = PBXFileReference; explicitFileType = wrapper.application; includeInIndex = 0; path = iOSConcurrencyDemo.app; sourceTree = BUILT_PRODUCTS_DIR; };
		2E0C4E821DC1F98200520E93 /* AppDelegate.swift */ = {isa = PBXFileReference; lastKnownFileType = sourcecode.swift; path = AppDelegate.swift; sourceTree = "<group>"; };
		2E0C4E841DC1F98200520E93 /* ViewController.swift */ = {isa = PBXFileReference; lastKnownFileType = sourcecode.swift; path = ViewController.swift; sourceTree = "<group>"; };
		2E0C4E871DC1F98200520E93 /* Base */ = {isa = PBXFileReference; lastKnownFileType = file.storyboard; name = Base; path = Base.lproj/Main.storyboard; sourceTree = "<group>"; };
		2E0C4E891DC1F98200520E93 /* Assets.xcassets */ = {isa = PBXFileReference; lastKnownFileType = folder.assetcatalog; path = Assets.xcassets; sourceTree = "<group>"; };
		2E0C4E8C1DC1F98200520E93 /* Base */ = {isa = PBXFileReference; lastKnownFileType = file.storyboard; name = Base; path = Base.lproj/LaunchScreen.storyboard; sourceTree = "<group>"; };
		2E0C4E8E1DC1F98200520E93 /* Info.plist */ = {isa = PBXFileReference; lastKnownFileType = text.plist.xml; path = Info.plist; sourceTree = "<group>"; };
/* End PBXFileReference section */

/* Begin PBXFrameworksBuildPhase section */
		2E0C4E7C1DC1F98200520E93 /* Frameworks */ = {
			isa = PBXFrameworksBuildPhase;
			buildActionMask = 2147483647;
			files = (
			);
			runOnlyForDeploymentPostprocessing = 0;
		};
/* End PBXFrameworksBuildPhase section */

/* Begin PBXGroup section */
		2E0C4E761DC1F98200520E93 = {
			isa = PBXGroup;
			children = (
				2E0C4E811DC1F98200520E93 /* iOSConcurrencyDemo */,
				2E0C4E801DC1F98200520E93 /* Products */,
			);
			sourceTree = "<group>";
		};
		2E0C4E801DC1F98200520E93 /* Products */ = {
			isa = PBXGroup;
			children = (
				2E0C4E7F1DC1F98200520E93 /* iOSConcurrencyDemo.app */,
			);
			name = Products;
			sourceTree = "<group>";
		};
		2E0C4E811DC1F98200520E93 /* iOSConcurrencyDemo */ = {
			isa = PBXGroup;
			children = (
				2E0C4E821DC1F98200520E93 /* AppDelegate.swift */,
				2E0C4E841DC1F98200520E93 /* ViewController.swift */,
				2E0C4E861DC1F98200520E93 /* Main.storyboard */,
				2E0C4E891DC1F98200520E93 /* Assets.xcassets */,
				2E0C4E8B1DC1F98200520E93 /* LaunchScreen.storyboard */,
				2E0C4E8E1DC1F98200520E93 /* Info.plist */,
			);
			path = iOSConcurrencyDemo;
			sourceTree = "<group>";
		};
/* End PBXGroup section */

/* Begin PBXNativeTarget section */
		2E0C4E7E1DC1F98200520E93 /* iOSConcurrencyDemo */ = {
			isa = PBXNativeTarget;
			buildConfigurationList = 2E0C4E911DC1F98200520E93 /* Build configuration list for PBXNativeTarget "iOSConcurrencyDemo" */;
			buildPhases = (
				2E0C4E7B1DC1F98200520E93 /* Sources */,
				2E0C4E7C1DC1F98200520E93 /* Frameworks */,
				2E0C4E7D1DC1F98200520E93 /* Resources */,
			);
			buildRules = (
			);
			dependencies = (
			);
			name = iOSConcurrencyDemo;
			productName = iOSConcurrencyDemo;
			productReference = 2E0C4E7F1DC1F98200520E93 /* iOSConcurrencyDemo.app */;
			productType = "com.apple.product-type.application";
		};
/* End PBXNativeTarget section */

/* Begin PBXProject section */
		2E0C4E771DC1F98200520E93 /* Project object */ = {
			isa = PBXProject;
			attributes = {
				LastSwiftUpdateCheck = 0800;
				LastUpgradeCheck = 0800;
				ORGANIZATIONNAME = "cyper tech";
				TargetAttributes = {
					2E0C4E7E1DC1F98200520E93 = {
						CreatedOnToolsVersion = 8.0;
						DevelopmentTeam = M5J7K9HVYB;
						ProvisioningStyle = Automatic;
					};
				};
			};
			buildConfigurationList = 2E0C4E7A1DC1F98200520E93 /* Build configuration list for PBXProject "iOSConcurrencyDemo" */;
			compatibilityVersion = "Xcode 3.2";
			developmentRegion = English;
			hasScannedForEncodings = 0;
			knownRegions = (
				en,
				Base,
			);
			mainGroup = 2E0C4E761DC1F98200520E93;
			productRefGroup = 2E0C4E801DC1F98200520E93 /* Products */;
			projectDirPath = "";
			projectRoot = "";
			targets = (
				2E0C4E7E1DC1F98200520E93 /* iOSConcurrencyDemo */,
			);
		};
/* End PBXProject section */

/* Begin PBXResourcesBuildPhase section */
		2E0C4E7D1DC1F98200520E93 /* Resources */ = {
			isa = PBXResourcesBuildPhase;
			buildActionMask = 2147483647;
			files = (
				2E0C4E8D1DC1F98200520E93 /* LaunchScreen.storyboard in Resources */,
				2E0C4E8A1DC1F98200520E93 /* Assets.xcassets in Resources */,
				2E0C4E881DC1F98200520E93 /* Main.storyboard in Resources */,
			);
			runOnlyForDeploymentPostprocessing = 0;
		};
/* End PBXResourcesBuildPhase section */

/* Begin PBXSourcesBuildPhase section */
		2E0C4E7B1DC1F98200520E93 /* Sources */ = {
			isa = PBXSourcesBuildPhase;
			buildActionMask = 2147483647;
			files = (
				2E0C4E851DC1F98200520E93 /* ViewController.swift in Sources */,
				2E0C4E831DC1F98200520E93 /* AppDelegate.swift in Sources */,
			);
			runOnlyForDeploymentPostprocessing = 0;
		};
/* End PBXSourcesBuildPhase section */

/* Begin PBXVariantGroup section */
		2E0C4E861DC1F98200520E93 /* Main.storyboard */ = {
			isa = PBXVariantGroup;
			children = (
				2E0C4E871DC1F98200520E93 /* Base */,
			);
			name = Main.storyboard;
			sourceTree = "<group>";
		};
		2E0C4E8B1DC1F98200520E93 /* LaunchScreen.storyboard */ = {
			isa = PBXVariantGroup;
			children = (
				2E0C4E8C1DC1F98200520E93 /* Base */,
			);
			name = LaunchScreen.storyboard;
			sourceTree = "<group>";
		};
/* End PBXVariantGroup section */

/* Begin XCBuildConfiguration section */
		2E0C4E8F1DC1F98200520E93 /* Debug */ = {
			isa = XCBuildConfiguration;
			buildSettings = {
				ALWAYS_SEARCH_USER_PATHS = NO;
				CLANG_ANALYZER_NONNULL = YES;
				CLANG_CXX_LANGUAGE_STANDARD = "gnu++0x";
				CLANG_CXX_LIBRARY = "libc++";
				CLANG_ENABLE_MODULES = YES;
				CLANG_ENABLE_OBJC_ARC = YES;
				CLANG_WARN_BOOL_CONVERSION = YES;
				CLANG_WARN_CONSTANT_CONVERSION = YES;
				CLANG_WARN_DIRECT_OBJC_ISA_USAGE = YES_ERROR;
				CLANG_WARN_DOCUMENTATION_COMMENTS = YES;
				CLANG_WARN_EMPTY_BODY = YES;
				CLANG_WARN_ENUM_CONVERSION = YES;
				CLANG_WARN_INFINITE_RECURSION = YES;
				CLANG_WARN_INT_CONVERSION = YES;
				CLANG_WARN_OBJC_ROOT_CLASS = YES_ERROR;
				CLANG_WARN_SUSPICIOUS_MOVES = YES;
				CLANG_WARN_UNREACHABLE_CODE = YES;
				CLANG_WARN__DUPLICATE_METHOD_MATCH = YES;
				"CODE_SIGN_IDENTITY[sdk=iphoneos*]" = "iPhone Developer";
				COPY_PHASE_STRIP = NO;
				DEBUG_INFORMATION_FORMAT = dwarf;
				ENABLE_STRICT_OBJC_MSGSEND = YES;
				ENABLE_TESTABILITY = YES;
				GCC_C_LANGUAGE_STANDARD = gnu99;
				GCC_DYNAMIC_NO_PIC = NO;
				GCC_NO_COMMON_BLOCKS = YES;
				GCC_OPTIMIZATION_LEVEL = 0;
				GCC_PREPROCESSOR_DEFINITIONS = (
					"DEBUG=1",
					"$(inherited)",
				);
				GCC_WARN_64_TO_32_BIT_CONVERSION = YES;
				GCC_WARN_ABOUT_RETURN_TYPE = YES_ERROR;
				GCC_WARN_UNDECLARED_SELECTOR = YES;
				GCC_WARN_UNINITIALIZED_AUTOS = YES_AGGRESSIVE;
				GCC_WARN_UNUSED_FUNCTION = YES;
				GCC_WARN_UNUSED_VARIABLE = YES;
				IPHONEOS_DEPLOYMENT_TARGET = 10.0;
				MTL_ENABLE_DEBUG_INFO = YES;
				ONLY_ACTIVE_ARCH = YES;
				SDKROOT = iphoneos;
				SWIFT_ACTIVE_COMPILATION_CONDITIONS = DEBUG;
				SWIFT_OPTIMIZATION_LEVEL = "-Onone";
			};
			name = Debug;
		};
		2E0C4E901DC1F98200520E93 /* Release */ = {
			isa = XCBuildConfiguration;
			buildSettings = {
				ALWAYS_SEARCH_USER_PATHS = NO;
				CLANG_ANALYZER_NONNULL = YES;
				CLANG_CXX_LANGUAGE_STANDARD = "gnu++0x";
				CLANG_CXX_LIBRARY = "libc++";
				CLANG_ENABLE_MODULES = YES;
				CLANG_ENABLE_OBJC_ARC = YES;
				CLANG_WARN_BOOL_CONVERSION = YES;
				CLANG_WARN_CONSTANT_CONVERSION = YES;
				CLANG_WARN_DIRECT_OBJC_ISA_USAGE = YES_ERROR;
				CLANG_WARN_DOCUMENTATION_COMMENTS = YES;
				CLANG_WARN_EMPTY_BODY = YES;
				CLANG_WARN_ENUM_CONVERSION = YES;
				CLANG_WARN_INFINITE_RECURSION = YES;
				CLANG_WARN_INT_CONVERSION = YES;
				CLANG_WARN_OBJC_ROOT_CLASS = YES_ERROR;
				CLANG_WARN_SUSPICIOUS_MOVES = YES;
				CLANG_WARN_UNREACHABLE_CODE = YES;
				CLANG_WARN__DUPLICATE_METHOD_MATCH = YES;
				"CODE_SIGN_IDENTITY[sdk=iphoneos*]" = "iPhone Developer";
				COPY_PHASE_STRIP = NO;
				DEBUG_INFORMATION_FORMAT = "dwarf-with-dsym";
				ENABLE_NS_ASSERTIONS = NO;
				ENABLE_STRICT_OBJC_MSGSEND = YES;
				GCC_C_LANGUAGE_STANDARD = gnu99;
				GCC_NO_COMMON_BLOCKS = YES;
				GCC_WARN_64_TO_32_BIT_CONVERSION = YES;
				GCC_WARN_ABOUT_RETURN_TYPE = YES_ERROR;
				GCC_WARN_UNDECLARED_SELECTOR = YES;
				GCC_WARN_UNINITIALIZED_AUTOS = YES_AGGRESSIVE;
				GCC_WARN_UNUSED_FUNCTION = YES;
				GCC_WARN_UNUSED_VARIABLE = YES;
				IPHONEOS_DEPLOYMENT_TARGET = 10.0;
				MTL_ENABLE_DEBUG_INFO = NO;
				SDKROOT = iphoneos;
				SWIFT_OPTIMIZATION_LEVEL = "-Owholemodule";
				VALIDATE_PRODUCT = YES;
			};
			name = Release;
		};
		2E0C4E921DC1F98200520E93 /* Debug */ = {
			isa = XCBuildConfiguration;
			buildSettings = {
				ASSETCATALOG_COMPILER_APPICON_NAME = AppIcon;
				DEVELOPMENT_TEAM = M5J7K9HVYB;
				INFOPLIST_FILE = iOSConcurrencyDemo/Info.plist;
				LD_RUNPATH_SEARCH_PATHS = "$(inherited) @executable_path/Frameworks";
				PRODUCT_BUNDLE_IDENTIFIER = me.cyper.iOSConcurrencyDemo;
				PRODUCT_NAME = "$(TARGET_NAME)";
				SWIFT_VERSION = 3.0;
			};
			name = Debug;
		};
		2E0C4E931DC1F98200520E93 /* Release */ = {
			isa = XCBuildConfiguration;
			buildSettings = {
				ASSETCATALOG_COMPILER_APPICON_NAME = AppIcon;
				DEVELOPMENT_TEAM = M5J7K9HVYB;
				INFOPLIST_FILE = iOSConcurrencyDemo/Info.plist;
				LD_RUNPATH_SEARCH_PATHS = "$(inherited) @executable_path/Frameworks";
				PRODUCT_BUNDLE_IDENTIFIER = me.cyper.iOSConcurrencyDemo;
				PRODUCT_NAME = "$(TARGET_NAME)";
				SWIFT_VERSION = 3.0;
			};
			name = Release;
		};
/* End XCBuildConfiguration section */

/* Begin XCConfigurationList section */
		2E0C4E7A1DC1F98200520E93 /* Build configuration list for PBXProject "iOSConcurrencyDemo" */ = {
			isa = XCConfigurationList;
			buildConfigurations = (
				2E0C4E8F1DC1F98200520E93 /* Debug */,
				2E0C4E901DC1F98200520E93 /* Release */,
			);
			defaultConfigurationIsVisible = 0;
			defaultConfigurationName = Release;
		};
		2E0C4E911DC1F98200520E93 /* Build configuration list for PBXNativeTarget "iOSConcurrencyDemo" */ = {
			isa = XCConfigurationList;
			buildConfigurations = (
				2E0C4E921DC1F98200520E93 /* Debug */,
				2E0C4E931DC1F98200520E93 /* Release */,
			);
			defaultConfigurationIsVisible = 0;
		};
/* End XCConfigurationList section */
	};
	rootObject = 2E0C4E771DC1F98200520E93 /* Project object */;
}
